# This file is generated by running "yarn install" inside your project.
# Manual changes might be lost - proceed with caution!

__metadata:
  version: 5
  cacheKey: 8

"acorn-jsx@npm:^5.3.1":
  version: 5.3.2
  resolution: "acorn-jsx@npm:5.3.2::__archiveUrl=https%3A%2F%2Fsm2.bytesafe.net%3A8443%2Fr%2Fyarnone%2F-%2Fpull%2Facorn-jsx%2F5.3.2"
  peerDependencies:
    acorn: ^6.0.0 || ^7.0.0 || ^8.0.0
  checksum: c3d3b2a89c9a056b205b69530a37b972b404ee46ec8e5b341666f9513d3163e2a4f214a71f4dfc7370f5a9c07472d2fd1c11c91c3f03d093e37637d95da98950
  languageName: node
  linkType: hard

"acorn@npm:^8.7.0":
  version: 8.7.0
  resolution: "acorn@npm:8.7.0::__archiveUrl=https%3A%2F%2Fsm2.bytesafe.net%3A8443%2Fr%2Fyarnone%2F-%2Fpull%2Facorn%2F8.7.0"
  bin:
    acorn: ./bin/acorn
  checksum: e0f79409d68923fbf1aa6d4166f3eedc47955320d25c89a20cc822e6ba7c48c5963d5bc657bc242d68f7a4ac9faf96eef033e8f73656da6c640d4219935fdfd0
  languageName: node
  linkType: hard

"call-bind@npm:^1.0.2":
  version: 1.0.2
  resolution: "call-bind@npm:1.0.2::__archiveUrl=https%3A%2F%2Fsm2.bytesafe.net%3A8443%2Fr%2Fyarnone%2F-%2Fpull%2Fcall-bind%2F1.0.2"
  dependencies:
    function-bind: ^1.1.1
    get-intrinsic: ^1.0.2
  checksum: f8e31de9d19988a4b80f3e704788c4a2d6b6f3d17cfec4f57dc29ced450c53a49270dc66bf0fbd693329ee948dd33e6c90a329519aef17474a4d961e8d6426b0
  languageName: node
  linkType: hard

"deep-equal@npm:^1.0.1":
  version: 1.1.1
  resolution: "deep-equal@npm:1.1.1::__archiveUrl=https%3A%2F%2Fsm2.bytesafe.net%3A8443%2Fr%2Fyarnone%2F-%2Fpull%2Fdeep-equal%2F1.1.1"
  dependencies:
    is-arguments: ^1.0.4
    is-date-object: ^1.0.1
    is-regex: ^1.0.4
    object-is: ^1.0.1
    object-keys: ^1.1.1
    regexp.prototype.flags: ^1.2.0
  checksum: f92686f2c5bcdf714a75a5fa7a9e47cb374a8ec9307e717b8d1ce61f56a75aaebf5619c2a12b8087a705b5a2f60d0292c35f8b58cb1f72e3268a3a15cab9f78d
  languageName: node
  linkType: hard

"define-properties@npm:^1.1.3":
  version: 1.1.3
  resolution: "define-properties@npm:1.1.3::__archiveUrl=https%3A%2F%2Fsm2.bytesafe.net%3A8443%2Fr%2Fyarnone%2F-%2Fpull%2Fdefine-properties%2F1.1.3"
  dependencies:
    object-keys: ^1.0.12
  checksum: da80dba55d0cd76a5a7ab71ef6ea0ebcb7b941f803793e4e0257b384cb772038faa0c31659d244e82c4342edef841c1a1212580006a05a5068ee48223d787317
  languageName: node
  linkType: hard

"es-yarn-2@workspace:.":
  version: 0.0.0-use.local
  resolution: "es-yarn-2@workspace:."
  dependencies:
    eslint-config-prettier: 8.3.0
    espree: ^9.3.0
    prettier: 2.5.1
    stylelint-prettier: 2.0.0
    z: ^1.0.9
  languageName: unknown
  linkType: soft

"eslint-config-prettier@npm:8.3.0":
  version: 8.3.0
  resolution: "eslint-config-prettier@npm:8.3.0::__archiveUrl=https%3A%2F%2Fsm2.bytesafe.net%3A8443%2Fr%2Fyarnone%2F-%2Fpull%2Feslint-config-prettier%2F8.3.0"
  peerDependencies:
    eslint: ">=7.0.0"
  bin:
    eslint-config-prettier: bin/cli.js
  checksum: df4cea3032671995bb5ab07e016169072f7fa59f44a53251664d9ca60951b66cdc872683b5c6a3729c91497c11490ca44a79654b395dd6756beb0c3903a37196
  languageName: node
  linkType: hard

"eslint-visitor-keys@npm:^3.1.0":
  version: 3.2.0
  resolution: "eslint-visitor-keys@npm:3.2.0::__archiveUrl=https%3A%2F%2Fsm2.bytesafe.net%3A8443%2Fr%2Fyarnone%2F-%2Fpull%2Feslint-visitor-keys%2F3.2.0"
  checksum: fdadbb26f9e6417d3db7ad4f00bb0d573b6031c32fa72e8cdae32d038223faaeddff2ee443c90cb489bf774e75bff765c00912b8f9106d65e4f202ccd78c1b18
  languageName: node
  linkType: hard

"espree@npm:^9.3.0":
  version: 9.3.0
  resolution: "espree@npm:9.3.0::__archiveUrl=https%3A%2F%2Fsm2.bytesafe.net%3A8443%2Fr%2Fyarnone%2F-%2Fpull%2Fespree%2F9.3.0"
  dependencies:
    acorn: ^8.7.0
    acorn-jsx: ^5.3.1
    eslint-visitor-keys: ^3.1.0
  checksum: c0f1885c4eab652f9be08eb9228cea0df046b559b29d4aed8d6590ea9bd60177d4cb245d204a6f737a79a096861bb4ab8e480aeb8c1dbafef5beec1157353ce4
  languageName: node
  linkType: hard

"fast-diff@npm:^1.1.2":
  version: 1.2.0
  resolution: "fast-diff@npm:1.2.0::__archiveUrl=https%3A%2F%2Fsm2.bytesafe.net%3A8443%2Fr%2Fyarnone%2F-%2Fpull%2Ffast-diff%2F1.2.0"
  checksum: 1b5306eaa9e826564d9e5ffcd6ebd881eb5f770b3f977fcbf38f05c824e42172b53c79920e8429c54eb742ce15a0caf268b0fdd5b38f6de52234c4a8368131ae
  languageName: node
  linkType: hard

"flat@npm:^2.0.1":
  version: 2.0.2
  resolution: "flat@npm:2.0.2::__archiveUrl=https%3A%2F%2Fsm2.bytesafe.net%3A8443%2Fr%2Fyarnone%2F-%2Fpull%2Fflat%2F2.0.2"
  dependencies:
    is-buffer: ~1.1.2
  checksum: 2a9af2eece31f7369fa93c2793e4ac34688d599a59f97c729200db4fe6c9a5d1841908054c96d869e6e8668040004f9b4969e8f905cadbe40cd1a3ad9b8b2721
  languageName: node
  linkType: hard

"function-bind@npm:^1.1.1":
  version: 1.1.1
  resolution: "function-bind@npm:1.1.1::__archiveUrl=https%3A%2F%2Fsm2.bytesafe.net%3A8443%2Fr%2Fyarnone%2F-%2Fpull%2Ffunction-bind%2F1.1.1"
  checksum: b32fbaebb3f8ec4969f033073b43f5c8befbb58f1a79e12f1d7490358150359ebd92f49e72ff0144f65f2c48ea2a605bff2d07965f548f6474fd8efd95bf361a
  languageName: node
  linkType: hard

"get-intrinsic@npm:^1.0.2":
  version: 1.1.1
  resolution: "get-intrinsic@npm:1.1.1::__archiveUrl=https%3A%2F%2Fsm2.bytesafe.net%3A8443%2Fr%2Fyarnone%2F-%2Fpull%2Fget-intrinsic%2F1.1.1"
  dependencies:
    function-bind: ^1.1.1
    has: ^1.0.3
    has-symbols: ^1.0.1
  checksum: a9fe2ca8fa3f07f9b0d30fb202bcd01f3d9b9b6b732452e79c48e79f7d6d8d003af3f9e38514250e3553fdc83c61650851cb6870832ac89deaaceb08e3721a17
  languageName: node
  linkType: hard

"has-symbols@npm:^1.0.1, has-symbols@npm:^1.0.2":
  version: 1.0.2
  resolution: "has-symbols@npm:1.0.2::__archiveUrl=https%3A%2F%2Fsm2.bytesafe.net%3A8443%2Fr%2Fyarnone%2F-%2Fpull%2Fhas-symbols%2F1.0.2"
  checksum: 2309c426071731be792b5be43b3da6fb4ed7cbe8a9a6bcfca1862587709f01b33d575ce8f5c264c1eaad09fca2f9a8208c0a2be156232629daa2dd0c0740976b
  languageName: node
  linkType: hard

"has-tostringtag@npm:^1.0.0":
  version: 1.0.0
  resolution: "has-tostringtag@npm:1.0.0::__archiveUrl=https%3A%2F%2Fsm2.bytesafe.net%3A8443%2Fr%2Fyarnone%2F-%2Fpull%2Fhas-tostringtag%2F1.0.0"
  dependencies:
    has-symbols: ^1.0.2
  checksum: cc12eb28cb6ae22369ebaad3a8ab0799ed61270991be88f208d508076a1e99abe4198c965935ce85ea90b60c94ddda73693b0920b58e7ead048b4a391b502c1c
  languageName: node
  linkType: hard

"has@npm:^1.0.3":
  version: 1.0.3
  resolution: "has@npm:1.0.3::__archiveUrl=https%3A%2F%2Fsm2.bytesafe.net%3A8443%2Fr%2Fyarnone%2F-%2Fpull%2Fhas%2F1.0.3"
  dependencies:
    function-bind: ^1.1.1
  checksum: b9ad53d53be4af90ce5d1c38331e712522417d017d5ef1ebd0507e07c2fbad8686fffb8e12ddecd4c39ca9b9b47431afbb975b8abf7f3c3b82c98e9aad052792
  languageName: node
  linkType: hard

"install@npm:^0.10.0":
  version: 0.10.4
  resolution: "install@npm:0.10.4::__archiveUrl=https%3A%2F%2Fsm2.bytesafe.net%3A8443%2Fr%2Fyarnone%2F-%2Fpull%2Finstall%2F0.10.4"
  checksum: cc255a4554b5d1eca31f5140e2629214b7ee5b574e3ded943170417adabf234edff5e77c60a4dd16c7549923bf4f2b70c368f5b2d10598437d3150bbd0d73b30
  languageName: node
  linkType: hard

"is-arguments@npm:^1.0.4":
  version: 1.1.1
  resolution: "is-arguments@npm:1.1.1::__archiveUrl=https%3A%2F%2Fsm2.bytesafe.net%3A8443%2Fr%2Fyarnone%2F-%2Fpull%2Fis-arguments%2F1.1.1"
  dependencies:
    call-bind: ^1.0.2
    has-tostringtag: ^1.0.0
  checksum: 7f02700ec2171b691ef3e4d0e3e6c0ba408e8434368504bb593d0d7c891c0dbfda6d19d30808b904a6cb1929bca648c061ba438c39f296c2a8ca083229c49f27
  languageName: node
  linkType: hard

"is-buffer@npm:~1.1.2":
  version: 1.1.6
  resolution: "is-buffer@npm:1.1.6::__archiveUrl=https%3A%2F%2Fsm2.bytesafe.net%3A8443%2Fr%2Fyarnone%2F-%2Fpull%2Fis-buffer%2F1.1.6"
  checksum: 4a186d995d8bbf9153b4bd9ff9fd04ae75068fe695d29025d25e592d9488911eeece84eefbd8fa41b8ddcc0711058a71d4c466dcf6f1f6e1d83830052d8ca707
  languageName: node
  linkType: hard

"is-date-object@npm:^1.0.1":
  version: 1.0.5
  resolution: "is-date-object@npm:1.0.5::__archiveUrl=https%3A%2F%2Fsm2.bytesafe.net%3A8443%2Fr%2Fyarnone%2F-%2Fpull%2Fis-date-object%2F1.0.5"
  dependencies:
    has-tostringtag: ^1.0.0
  checksum: baa9077cdf15eb7b58c79398604ca57379b2fc4cf9aa7a9b9e295278648f628c9b201400c01c5e0f7afae56507d741185730307cbe7cad3b9f90a77e5ee342fc
  languageName: node
  linkType: hard

"is-regex@npm:^1.0.4":
  version: 1.1.4
  resolution: "is-regex@npm:1.1.4::__archiveUrl=https%3A%2F%2Fsm2.bytesafe.net%3A8443%2Fr%2Fyarnone%2F-%2Fpull%2Fis-regex%2F1.1.4"
  dependencies:
    call-bind: ^1.0.2
    has-tostringtag: ^1.0.0
  checksum: 362399b33535bc8f386d96c45c9feb04cf7f8b41c182f54174c1a45c9abbbe5e31290bbad09a458583ff6bf3b2048672cdb1881b13289569a7c548370856a652
  languageName: node
  linkType: hard

"js-function-reflector@git+https://github.com/leonardiwagner/js-function-reflector.git":
  version: 1.3.0
  resolution: "js-function-reflector@https://github.com/leonardiwagner/js-function-reflector.git#commit=f3a1295909cf870bbb7bb136ca53796fc3e87c17"
  checksum: 26270d78f17c8b4208887dc1f9b83b437fb068208f8f09b96706fbdceba0d72476355ccbea728b8c57ccde6aa473e116074f6e3131fc70962bbb289592e2ea12
  languageName: node
  linkType: hard

"object-is@npm:^1.0.1":
  version: 1.1.5
  resolution: "object-is@npm:1.1.5::__archiveUrl=https%3A%2F%2Fsm2.bytesafe.net%3A8443%2Fr%2Fyarnone%2F-%2Fpull%2Fobject-is%2F1.1.5"
  dependencies:
    call-bind: ^1.0.2
    define-properties: ^1.1.3
  checksum: 989b18c4cba258a6b74dc1d74a41805c1a1425bce29f6cabb50dcb1a6a651ea9104a1b07046739a49a5bb1bc49727bcb00efd5c55f932f6ea04ec8927a7901fe
  languageName: node
  linkType: hard

"object-keys@npm:^1.0.12, object-keys@npm:^1.1.1":
  version: 1.1.1
  resolution: "object-keys@npm:1.1.1::__archiveUrl=https%3A%2F%2Fsm2.bytesafe.net%3A8443%2Fr%2Fyarnone%2F-%2Fpull%2Fobject-keys%2F1.1.1"
  checksum: b363c5e7644b1e1b04aa507e88dcb8e3a2f52b6ffd0ea801e4c7a62d5aa559affe21c55a07fd4b1fd55fc03a33c610d73426664b20032405d7b92a1414c34d6a
  languageName: node
  linkType: hard

"prettier-linter-helpers@npm:^1.0.0":
  version: 1.0.0
  resolution: "prettier-linter-helpers@npm:1.0.0::__archiveUrl=https%3A%2F%2Fsm2.bytesafe.net%3A8443%2Fr%2Fyarnone%2F-%2Fpull%2Fprettier-linter-helpers%2F1.0.0"
  dependencies:
    fast-diff: ^1.1.2
  checksum: 00ce8011cf6430158d27f9c92cfea0a7699405633f7f1d4a45f07e21bf78e99895911cbcdc3853db3a824201a7c745bd49bfea8abd5fb9883e765a90f74f8392
  languageName: node
  linkType: hard

"prettier@npm:2.5.1":
  version: 2.5.1
  resolution: "prettier@npm:2.5.1::__archiveUrl=https%3A%2F%2Fsm2.bytesafe.net%3A8443%2Fr%2Fyarnone%2F-%2Fpull%2Fprettier%2F2.5.1"
  bin:
    prettier: ./bin-prettier.js
  checksum: 21b9408476ea1c544b0e45d51ceb94a84789ff92095abb710942d780c862d0daebdb29972d47f6b4d0f7ebbfb0ffbf56cc2cfa3e3e9d1cca54864af185b15b66
  languageName: node
  linkType: hard

"regexp.prototype.flags@npm:^1.2.0":
  version: 1.4.1
  resolution: "regexp.prototype.flags@npm:1.4.1::__archiveUrl=https%3A%2F%2Fsm2.bytesafe.net%3A8443%2Fr%2Fyarnone%2F-%2Fpull%2Fregexp.prototype.flags%2F1.4.1"
  dependencies:
    call-bind: ^1.0.2
    define-properties: ^1.1.3
  checksum: 77944a3ea5ae84f391fa80bff9babfedc47eadc9dc38e282b5fd746368fb787deec89c68ce3114195bf6b5782b160280a278b62d41ccc6e125afab1a7f816de8
  languageName: node
  linkType: hard

"stylelint-prettier@npm:2.0.0":
  version: 2.0.0
  resolution: "stylelint-prettier@npm:2.0.0::__archiveUrl=https%3A%2F%2Fsm2.bytesafe.net%3A8443%2Fr%2Fyarnone%2F-%2Fpull%2Fstylelint-prettier%2F2.0.0"
  dependencies:
    prettier-linter-helpers: ^1.0.0
  peerDependencies:
    prettier: ">=2.0.0"
    stylelint: ">=14.0.0"
  checksum: 6ce7628517a492e0c2e6104f654c9bc710f1aaf035c8b5274e187b68e8d510e70bae5ded2cb65df76aa01096460b9dfe02f844fea13bfba7e3dcca13baec2ff4
  languageName: node
  linkType: hard

"z@npm:^1.0.9":
  version: 1.0.9
  resolution: "z@npm:1.0.9::__archiveUrl=https%3A%2F%2Fsm2.bytesafe.net%3A8443%2Fr%2Fyarnone%2F-%2Fpull%2Fz%2F1.0.9"
  dependencies:
    deep-equal: ^1.0.1
    flat: ^2.0.1
    install: ^0.10.0
    js-function-reflector: "git+https://github.com/leonardiwagner/js-function-reflector.git"
  checksum: 8630af7f3834d823e8adcd13755f399e8c303f6eb4aa6e230659adcab707e5243f0c6be18a0539b0dcbf5f04a5fb07510c8162d67558efa9c5299d72b661452f
  languageName: node
  linkType: hard
