# This file is generated by running "yarn install" inside your project.
# Manual changes might be lost - proceed with caution!

__metadata:
  version: 5
  cacheKey: 8

"asap@npm:~2.0.3":
  version: 2.0.6
  resolution: "asap@npm:2.0.6::__archiveUrl=https%3A%2F%2Fsm2.bytesafe.net%3A8443%2Fr%2Fdefault-npm%2F-%2Fpull%2Fasap%2F2.0.6"
  checksum: b296c92c4b969e973260e47523207cd5769abd27c245a68c26dc7a0fe8053c55bb04360237cb51cab1df52be939da77150ace99ad331fb7fb13b3423ed73ff3d
  languageName: node
  linkType: hard

"core-js@npm:^1.0.0":
  version: 1.2.7
  resolution: "core-js@npm:1.2.7::__archiveUrl=https%3A%2F%2Fsm2.bytesafe.net%3A8443%2Fr%2Fdefault-npm%2F-%2Fpull%2Fcore-js%2F1.2.7"
  checksum: 0b76371bfa98708351cde580f9287e2360d2209920e738ae950ae74ad08639a2e063541020bf666c28778956fc356ed9fe56d962129c88a87a6a4a0612526c75
  languageName: node
  linkType: hard

"create-react-class@npm:^15.6.0":
  version: 15.7.0
  resolution: "create-react-class@npm:15.7.0::__archiveUrl=https%3A%2F%2Fsm2.bytesafe.net%3A8443%2Fr%2Fdefault-npm%2F-%2Fpull%2Fcreate-react-class%2F15.7.0"
  dependencies:
    loose-envify: ^1.3.1
    object-assign: ^4.1.1
  checksum: 0c5f43da705fa9f67ec289051dd5780792652d440dfa17cd2c7d8423c1f604609596f895dabf46fda1960ddd93ee96fe1b61ef4d55a94fc4271b07d515486714
  languageName: node
  linkType: hard

"encoding@npm:^0.1.11":
  version: 0.1.13
  resolution: "encoding@npm:0.1.13::__archiveUrl=https%3A%2F%2Fsm2.bytesafe.net%3A8443%2Fr%2Fdefault-npm%2F-%2Fpull%2Fencoding%2F0.1.13"
  dependencies:
    iconv-lite: ^0.6.2
  checksum: bb98632f8ffa823996e508ce6a58ffcf5856330fde839ae42c9e1f436cc3b5cc651d4aeae72222916545428e54fd0f6aa8862fd8d25bdbcc4589f1e3f3715e7f
  languageName: node
  linkType: hard

"fbjs@npm:^0.8.9":
  version: 0.8.18
  resolution: "fbjs@npm:0.8.18::__archiveUrl=https%3A%2F%2Fsm2.bytesafe.net%3A8443%2Fr%2Fdefault-npm%2F-%2Fpull%2Ffbjs%2F0.8.18"
  dependencies:
    core-js: ^1.0.0
    isomorphic-fetch: ^2.1.1
    loose-envify: ^1.0.0
    object-assign: ^4.1.0
    promise: ^7.1.1
    setimmediate: ^1.0.5
    ua-parser-js: ^0.7.30
  checksum: 668731b946a765908c9cbe51d5160f973abb78004b3d122587c3e930e3e1ddcc0ce2b17f2a8637dc9d733e149aa580f8d3035a35cc2d3bc78b78f1b19aab90e2
  languageName: node
  linkType: hard

"iconv-lite@npm:^0.6.2":
  version: 0.6.3
  resolution: "iconv-lite@npm:0.6.3::__archiveUrl=https%3A%2F%2Fsm2.bytesafe.net%3A8443%2Fr%2Fdefault-npm%2F-%2Fpull%2Ficonv-lite%2F0.6.3"
  dependencies:
    safer-buffer: ">= 2.1.2 < 3.0.0"
  checksum: 3f60d47a5c8fc3313317edfd29a00a692cc87a19cac0159e2ce711d0ebc9019064108323b5e493625e25594f11c6236647d8e256fbe7a58f4a3b33b89e6d30bf
  languageName: node
  linkType: hard

"is-stream@npm:^1.0.1":
  version: 1.1.0
  resolution: "is-stream@npm:1.1.0::__archiveUrl=https%3A%2F%2Fsm2.bytesafe.net%3A8443%2Fr%2Fdefault-npm%2F-%2Fpull%2Fis-stream%2F1.1.0"
  checksum: 063c6bec9d5647aa6d42108d4c59723d2bd4ae42135a2d4db6eadbd49b7ea05b750fd69d279e5c7c45cf9da753ad2c00d8978be354d65aa9f6bb434969c6a2ae
  languageName: node
  linkType: hard

"isomorphic-fetch@npm:^2.1.1":
  version: 2.2.1
  resolution: "isomorphic-fetch@npm:2.2.1::__archiveUrl=https%3A%2F%2Fsm2.bytesafe.net%3A8443%2Fr%2Fdefault-npm%2F-%2Fpull%2Fisomorphic-fetch%2F2.2.1"
  dependencies:
    node-fetch: ^1.0.1
    whatwg-fetch: ">=0.10.0"
  checksum: bb5daa7c3785d6742f4379a81e55b549a469503f7c9bf9411b48592e86632cf5e8fe8ea878dba185c0f33eb7c510c23abdeb55aebfdf5d3c70f031ced68c5424
  languageName: node
  linkType: hard

"js-tokens@npm:^3.0.0 || ^4.0.0":
  version: 4.0.0
  resolution: "js-tokens@npm:4.0.0::__archiveUrl=https%3A%2F%2Fsm2.bytesafe.net%3A8443%2Fr%2Fdefault-npm%2F-%2Fpull%2Fjs-tokens%2F4.0.0"
  checksum: 8a95213a5a77deb6cbe94d86340e8d9ace2b93bc367790b260101d2f36a2eaf4e4e22d9fa9cf459b38af3a32fb4190e638024cf82ec95ef708680e405ea7cc78
  languageName: node
  linkType: hard

"loose-envify@npm:^1.0.0, loose-envify@npm:^1.1.0, loose-envify@npm:^1.3.1, loose-envify@npm:^1.4.0":
  version: 1.4.0
  resolution: "loose-envify@npm:1.4.0::__archiveUrl=https%3A%2F%2Fsm2.bytesafe.net%3A8443%2Fr%2Fdefault-npm%2F-%2Fpull%2Floose-envify%2F1.4.0"
  dependencies:
    js-tokens: ^3.0.0 || ^4.0.0
  bin:
    loose-envify: cli.js
  checksum: 6517e24e0cad87ec9888f500c5b5947032cdfe6ef65e1c1936a0c48a524b81e65542c9c3edc91c97d5bddc806ee2a985dbc79be89215d613b1de5db6d1cfe6f4
  languageName: node
  linkType: hard

"node-fetch@npm:^1.0.1":
  version: 1.7.3
  resolution: "node-fetch@npm:1.7.3::__archiveUrl=https%3A%2F%2Fsm2.bytesafe.net%3A8443%2Fr%2Fdefault-npm%2F-%2Fpull%2Fnode-fetch%2F1.7.3"
  dependencies:
    encoding: ^0.1.11
    is-stream: ^1.0.1
  checksum: 3bb0528c05d541316ebe52770d71ee25a6dce334df4231fd55df41a644143e07f068637488c18a5b0c43f05041dbd3346752f9e19b50df50569a802484544d5b
  languageName: node
  linkType: hard

"object-assign@npm:^4.1.0, object-assign@npm:^4.1.1":
  version: 4.1.1
  resolution: "object-assign@npm:4.1.1::__archiveUrl=https%3A%2F%2Fsm2.bytesafe.net%3A8443%2Fr%2Fdefault-npm%2F-%2Fpull%2Fobject-assign%2F4.1.1"
  checksum: fcc6e4ea8c7fe48abfbb552578b1c53e0d194086e2e6bbbf59e0a536381a292f39943c6e9628af05b5528aa5e3318bb30d6b2e53cadaf5b8fe9e12c4b69af23f
  languageName: node
  linkType: hard

"promise@npm:^7.1.1":
  version: 7.3.1
  resolution: "promise@npm:7.3.1::__archiveUrl=https%3A%2F%2Fsm2.bytesafe.net%3A8443%2Fr%2Fdefault-npm%2F-%2Fpull%2Fpromise%2F7.3.1"
  dependencies:
    asap: ~2.0.3
  checksum: 475bb069130179fbd27ed2ab45f26d8862376a137a57314cf53310bdd85cc986a826fd585829be97ebc0aaf10e9d8e68be1bfe5a4a0364144b1f9eedfa940cf1
  languageName: node
  linkType: hard

"prop-types@npm:^15.5.10":
  version: 15.8.1
  resolution: "prop-types@npm:15.8.1::__archiveUrl=https%3A%2F%2Fsm2.bytesafe.net%3A8443%2Fr%2Fdefault-npm%2F-%2Fpull%2Fprop-types%2F15.8.1"
  dependencies:
    loose-envify: ^1.4.0
    object-assign: ^4.1.1
    react-is: ^16.13.1
  checksum: c056d3f1c057cb7ff8344c645450e14f088a915d078dcda795041765047fa080d38e5d626560ccaac94a4e16e3aa15f3557c1a9a8d1174530955e992c675e459
  languageName: node
  linkType: hard

"react-is@npm:^16.13.1":
  version: 16.13.1
  resolution: "react-is@npm:16.13.1::__archiveUrl=https%3A%2F%2Fsm2.bytesafe.net%3A8443%2Fr%2Fdefault-npm%2F-%2Fpull%2Freact-is%2F16.13.1"
  checksum: f7a19ac3496de32ca9ae12aa030f00f14a3d45374f1ceca0af707c831b2a6098ef0d6bdae51bd437b0a306d7f01d4677fcc8de7c0d331eb47ad0f46130e53c5f
  languageName: node
  linkType: hard

"react@npm:^15.1.0":
  version: 15.7.0
  resolution: "react@npm:15.7.0::__archiveUrl=https%3A%2F%2Fsm2.bytesafe.net%3A8443%2Fr%2Fdefault-npm%2F-%2Fpull%2Freact%2F15.7.0"
  dependencies:
    create-react-class: ^15.6.0
    fbjs: ^0.8.9
    loose-envify: ^1.1.0
    object-assign: ^4.1.0
    prop-types: ^15.5.10
  checksum: cdccac9b33b374eb38aecb4d28ae134e011ef08701604e0996a180a43b2b2d553966876de255030dded447eb5180af0d5c115b40f147a57e7c12dd6e48eccb7c
  languageName: node
  linkType: hard

"safer-buffer@npm:>= 2.1.2 < 3.0.0":
  version: 2.1.2
  resolution: "safer-buffer@npm:2.1.2::__archiveUrl=https%3A%2F%2Fsm2.bytesafe.net%3A8443%2Fr%2Fdefault-npm%2F-%2Fpull%2Fsafer-buffer%2F2.1.2"
  checksum: cab8f25ae6f1434abee8d80023d7e72b598cf1327164ddab31003c51215526801e40b66c5e65d658a0af1e9d6478cadcb4c745f4bd6751f97d8644786c0978b0
  languageName: node
  linkType: hard

"setimmediate@npm:^1.0.5":
  version: 1.0.5
  resolution: "setimmediate@npm:1.0.5::__archiveUrl=https%3A%2F%2Fsm2.bytesafe.net%3A8443%2Fr%2Fdefault-npm%2F-%2Fpull%2Fsetimmediate%2F1.0.5"
  checksum: c9a6f2c5b51a2dabdc0247db9c46460152ffc62ee139f3157440bd48e7c59425093f42719ac1d7931f054f153e2d26cf37dfeb8da17a794a58198a2705e527fd
  languageName: node
  linkType: hard

"ua-parser-js@npm:^0.7.30":
  version: 0.7.31
  resolution: "ua-parser-js@npm:0.7.31::__archiveUrl=https%3A%2F%2Fsm2.bytesafe.net%3A8443%2Fr%2Fdefault-npm%2F-%2Fpull%2Fua-parser-js%2F0.7.31"
  checksum: e2f8324a83d1715601576af85b2b6c03890699aaa7272950fc77ea925c70c5e4f75060ae147dc92124e49f7f0e3d6dd2b0a91e7f40d267e92df8894be967ba8b
  languageName: node
  linkType: hard

"whatwg-fetch@npm:>=0.10.0":
  version: 3.6.2
  resolution: "whatwg-fetch@npm:3.6.2::__archiveUrl=https%3A%2F%2Fsm2.bytesafe.net%3A8443%2Fr%2Fdefault-npm%2F-%2Fpull%2Fwhatwg-fetch%2F3.6.2"
  checksum: ee976b7249e7791edb0d0a62cd806b29006ad7ec3a3d89145921ad8c00a3a67e4be8f3fb3ec6bc7b58498724fd568d11aeeeea1f7827e7e1e5eae6c8a275afed
  languageName: node
  linkType: hard

"yarn-2@workspace:.":
  version: 0.0.0-use.local
  resolution: "yarn-2@workspace:."
  dependencies:
    react: ^15.1.0
  languageName: unknown
  linkType: soft
